github.com/davecgh/go-spew v1.1.0 h1:ZDRjVQ15GmhC3fiQ8ni8+OwkZQO4DARzQgrnXU1Liz8=
github.com/davecgh/go-spew v1.1.0/go.mod h1:J7Y8YcW2NihsgmVo/mv3lAwl/skON4iLHjSsI+c5H38=
github.com/davecgh/go-spew v1.1.1 h1:vj9j/u1bqnvCEfJOwUhtlOARqs3+rkHYY13jYWTU97c=
github.com/davecgh/go-spew v1.1.1/go.mod h1:J7Y8YcW2NihsgmVo/mv3lAwl/skON4iLHjSsI+c5H38=
github.com/hajimehoshi/go-mp3 v0.2.1 h1:DH4ns3cPv39n3cs8MPcAlWqPeAwLCK8iNgqvg0QBWI8=
github.com/hajimehoshi/go-mp3 v0.2.1/go.mod h1:Rr+2P46iH6PwTPVgSsEwBkon0CK5DxCAeX/Rp65DCTE=
github.com/hajimehoshi/oto v0.3.4/go.mod h1:PgjqsBJff0efqL2nlMJidJgVJywLn6M4y8PI4TfeWfA=
github.com/pipelined/signal v0.1.0 h1:3UKsuDT/Gl1gFCeik59+28jpBC7ZVRIOJTV8p0SjvNQ=
github.com/pipelined/signal v0.1.0/go.mod h1:2hObqg30KY6FBiLwiO5kvSui/3C2XWCks06RD/A1m7I=
github.com/pipelined/signal v0.3.0 h1:iHWOtNTEpg6fuFmQAUpidtuhQOhffjBCMjmHMtVv1oA=
github.com/pipelined/signal v0.3.0/go.mod h1:fbzWudlb7qHW4YQ61Y3qzIDI41rJnxNlcjUeTGNukh8=
github.com/pipelined/signal v0.3.1-0.20191010174805-e6a17bf2be3a h1:FjU2sNR1itliuaDLmFkwkHRkUAqNVYZdYYDq/HYAe+8=
github.com/pipelined/signal v0.3.1-0.20191010174805-e6a17bf2be3a/go.mod h1:fbzWudlb7qHW4YQ61Y3qzIDI41rJnxNlcjUeTGNukh8=
github.com/pmezard/go-difflib v1.0.0 h1:4DBwDE0NGyQoBHbLQYPwSUPoCMWR5BEzIk/f1lZbAQM=
github.com/pmezard/go-difflib v1.0.0/go.mod h1:iKH77koFhYxTK1pcRnkKkqfTogsbg7gZNVY4sRDYZ/4=
github.com/stretchr/objx v0.1.0 h1:4G4v2dO3VZwixGIRoQ5Lfboy6nUhCyYzaqnIAPPhYs4=
github.com/stretchr/objx v0.1.0/go.mod h1:HFkY916IF+rwdDfMAkV7OtwuqBVzrE8GR6GFx+wExME=
github.com/stretchr/testify v1.3.0 h1:TivCn/peBQ7UY8ooIcPgZFpTNSz0Q2U6UrFlUfqbe0Q=
github.com/stretchr/testify v1.3.0/go.mod h1:M5WIy9Dh21IEIfnGCwXGc5bZfKNJtfHm1UVUgZn+9EI=
github.com/viert/lame v0.0.0-20190220082140-eeec2ae207a2 h1:iqP56Cr9P8D5A9JTP9mODkCAUyzRqhtdySwGq6FegYY=
github.com/viert/lame v0.0.0-20190220082140-eeec2ae207a2/go.mod h1:iTcgj2s0jGfKkwHeeiNeBBZyNsW+GaK+B8IzbSvOu2w=
github.com/viert/lame v0.0.0-20190823071122-49a063e7d5e6 h1:1XPLOPnNgpmWkgV4Fkx3xZoNRqygHvFaXT+VQeZPs4I=
github.com/viert/lame v0.0.0-20190823071122-49a063e7d5e6/go.mod h1:iTcgj2s0jGfKkwHeeiNeBBZyNsW+GaK+B8IzbSvOu2w=
golang.org/x/exp v0.0.0-20190306152737-a1d7652674e8/go.mod h1:CJ0aWSM057203Lf6IL+f9T1iT9GByDxfZKAQTCR3kQA=
golang.org/x/image v0.0.0-20190227222117-0694c2d4d067/go.mod h1:kZ7UVZpmo3dzQBMxlp+ypCbDeSB+sBbTgSJuh5dn5js=
golang.org/x/mobile v0.0.0-20190415191353-3e0bab5405d6/go.mod h1:E/iHnbuqvinMTCcRqshq8CkpyQDoeVncDDYHnLhea+o=
golang.org/x/sys v0.0.0-20190312061237-fead79001313/go.mod h1:h1NjWce9XRLGQEsW7wpKNCjG9DtNlClVuFLEZdDNbEs=
golang.org/x/sys v0.0.0-20190429190828-d89cdac9e872/go.mod h1:h1NjWce9XRLGQEsW7wpKNCjG9DtNlClVuFLEZdDNbEs=
golang.org/x/text v0.3.0/go.mod h1:NqM8EUOU14njkJ3fqMW+pc6Ldnwhi/IjpwHt7yyuwOQ=
