github.com/davecgh/go-spew v1.1.0 h1:ZDRjVQ15GmhC3fiQ8ni8+OwkZQO4DARzQgrnXU1Liz8=
github.com/davecgh/go-spew v1.1.0/go.mod h1:J7Y8YcW2NihsgmVo/mv3lAwl/skON4iLHjSsI+c5H38=
github.com/davecgh/go-spew v1.1.1 h1:vj9j/u1bqnvCEfJOwUhtlOARqs3+rkHYY13jYWTU97c=
github.com/davecgh/go-spew v1.1.1/go.mod h1:J7Y8YcW2NihsgmVo/mv3lAwl/skON4iLHjSsI+c5H38=
github.com/gopherjs/gopherjs v0.0.0-20180628210949-0892b62f0d9f/go.mod h1:wJfORRmW1u3UXTncJ5qlYoELFm8eSnnEO6hX4iZ3EWY=
github.com/gopherjs/gopherwasm v0.1.1/go.mod h1:kx4n9a+MzHH0BJJhvlsQ65hqLFXDO/m256AsaDPQ+/4=
github.com/hajimehoshi/go-mp3 v0.1.1 h1:Y33fAdTma70fkrxnc9u50Uq0lV6eZ+bkAlssdMmCwUc=
github.com/hajimehoshi/go-mp3 v0.1.1/go.mod h1:4i+c5pDNKDrxl1iu9iG90/+fhP37lio6gNhjCx9WBJw=
github.com/hajimehoshi/oto v0.1.1/go.mod h1:hUiLWeBQnbDu4pZsAhOnGqMI1ZGibS6e2qhQdfpwz04=
github.com/pipelined/signal v0.0.0-20190303105250-40bacde8022c h1:wzN7V6CRCVBwCIJ/sJ1JDsW2smq7GHpeDvUgb2H/GOY=
github.com/pipelined/signal v0.0.0-20190303105250-40bacde8022c/go.mod h1:2hObqg30KY6FBiLwiO5kvSui/3C2XWCks06RD/A1m7I=
github.com/pmezard/go-difflib v1.0.0 h1:4DBwDE0NGyQoBHbLQYPwSUPoCMWR5BEzIk/f1lZbAQM=
github.com/pmezard/go-difflib v1.0.0/go.mod h1:iKH77koFhYxTK1pcRnkKkqfTogsbg7gZNVY4sRDYZ/4=
github.com/stretchr/objx v0.1.0/go.mod h1:HFkY916IF+rwdDfMAkV7OtwuqBVzrE8GR6GFx+wExME=
github.com/stretchr/testify v1.3.0 h1:TivCn/peBQ7UY8ooIcPgZFpTNSz0Q2U6UrFlUfqbe0Q=
github.com/stretchr/testify v1.3.0/go.mod h1:M5WIy9Dh21IEIfnGCwXGc5bZfKNJtfHm1UVUgZn+9EI=
github.com/viert/lame v0.0.0-20190220082140-eeec2ae207a2 h1:iqP56Cr9P8D5A9JTP9mODkCAUyzRqhtdySwGq6FegYY=
github.com/viert/lame v0.0.0-20190220082140-eeec2ae207a2/go.mod h1:iTcgj2s0jGfKkwHeeiNeBBZyNsW+GaK+B8IzbSvOu2w=
